
Microsoft Visual Studio Solution File, Format Version 12.00
# Visual Studio 15
VisualStudioVersion = 15.0.27703.2047
MinimumVisualStudioVersion = 10.0.40219.1
Project("{FAE04EC0-301F-11D3-BF4B-00C04F79EFBC}") = "FrmTest", "Clase_22 - FrmTest\FrmTest.csproj", "{EB9378A2-999E-452D-B853-62B4E83AD9BF}"
EndProject
Project("{FAE04EC0-301F-11D3-BF4B-00C04F79EFBC}") = "FmrTest2", "FmrTest2\FmrTest2.csproj", "{51E9BC5E-B8F7-4588-B35C-022109854FA6}"
EndProject
Global
	GlobalSection(SolutionConfigurationPlatforms) = preSolution
		Debug|Any CPU = Debug|Any CPU
		Release|Any CPU = Release|Any CPU
	EndGlobalSection
	GlobalSection(ProjectConfigurationPlatforms) = postSolution
		{EB9378A2-999E-452D-B853-62B4E83AD9BF}.Debug|Any CPU.ActiveCfg = Debug|Any CPU
		{EB9378A2-999E-452D-B853-62B4E83AD9BF}.Debug|Any CPU.Build.0 = Debug|Any CPU
		{EB9378A2-999E-452D-B853-62B4E83AD9BF}.Release|Any CPU.ActiveCfg = Release|Any CPU
		{EB9378A2-999E-452D-B853-62B4E83AD9BF}.Release|Any CPU.Build.0 = Release|Any CPU
		{51E9BC5E-B8F7-4588-B35C-022109854FA6}.Debug|Any CPU.ActiveCfg = Debug|Any CPU
		{51E9BC5E-B8F7-4588-B35C-022109854FA6}.Debug|Any CPU.Build.0 = Debug|Any CPU
		{51E9BC5E-B8F7-4588-B35C-022109854FA6}.Release|Any CPU.ActiveCfg = Release|Any CPU
		{51E9BC5E-B8F7-4588-B35C-022109854FA6}.Release|Any CPU.Build.0 = Release|Any CPU
	EndGlobalSection
	GlobalSection(SolutionProperties) = preSolution
		HideSolutionNode = FALSE
	EndGlobalSection
	GlobalSection(ExtensibilityGlobals) = postSolution
		SolutionGuid = {4587EB6C-CBFE-4279-BA81-98430AD88DD4}
	EndGlobalSection
EndGlobal
