
Microsoft Visual Studio Solution File, Format Version 12.00
# Visual Studio 15
VisualStudioVersion = 15.0.27703.2047
MinimumVisualStudioVersion = 10.0.40219.1
Project("{FAE04EC0-301F-11D3-BF4B-00C04F79EFBC}") = "Entidades", "Entidades\Entidades.csproj", "{72A60C2A-4C50-4C50-84EF-8ED6ED5A1AAE}"
EndProject
Project("{FAE04EC0-301F-11D3-BF4B-00C04F79EFBC}") = "TestConsola", "TestConsola\TestConsola.csproj", "{8FF745B9-C487-4ACF-BAF1-D8E52E29531C}"
EndProject
Project("{FAE04EC0-301F-11D3-BF4B-00C04F79EFBC}") = "TestForms", "TestForms\TestForms.csproj", "{57592F6E-270C-4C3D-BFE7-5534DB7D1B52}"
EndProject
Global
	GlobalSection(SolutionConfigurationPlatforms) = preSolution
		Debug|Any CPU = Debug|Any CPU
		Release|Any CPU = Release|Any CPU
	EndGlobalSection
	GlobalSection(ProjectConfigurationPlatforms) = postSolution
		{72A60C2A-4C50-4C50-84EF-8ED6ED5A1AAE}.Debug|Any CPU.ActiveCfg = Debug|Any CPU
		{72A60C2A-4C50-4C50-84EF-8ED6ED5A1AAE}.Debug|Any CPU.Build.0 = Debug|Any CPU
		{72A60C2A-4C50-4C50-84EF-8ED6ED5A1AAE}.Release|Any CPU.ActiveCfg = Release|Any CPU
		{72A60C2A-4C50-4C50-84EF-8ED6ED5A1AAE}.Release|Any CPU.Build.0 = Release|Any CPU
		{8FF745B9-C487-4ACF-BAF1-D8E52E29531C}.Debug|Any CPU.ActiveCfg = Debug|Any CPU
		{8FF745B9-C487-4ACF-BAF1-D8E52E29531C}.Debug|Any CPU.Build.0 = Debug|Any CPU
		{8FF745B9-C487-4ACF-BAF1-D8E52E29531C}.Release|Any CPU.ActiveCfg = Release|Any CPU
		{8FF745B9-C487-4ACF-BAF1-D8E52E29531C}.Release|Any CPU.Build.0 = Release|Any CPU
		{57592F6E-270C-4C3D-BFE7-5534DB7D1B52}.Debug|Any CPU.ActiveCfg = Debug|Any CPU
		{57592F6E-270C-4C3D-BFE7-5534DB7D1B52}.Debug|Any CPU.Build.0 = Debug|Any CPU
		{57592F6E-270C-4C3D-BFE7-5534DB7D1B52}.Release|Any CPU.ActiveCfg = Release|Any CPU
		{57592F6E-270C-4C3D-BFE7-5534DB7D1B52}.Release|Any CPU.Build.0 = Release|Any CPU
	EndGlobalSection
	GlobalSection(SolutionProperties) = preSolution
		HideSolutionNode = FALSE
	EndGlobalSection
	GlobalSection(ExtensibilityGlobals) = postSolution
		SolutionGuid = {FD178D40-397B-4FB6-9459-6EC178D4FAD3}
	EndGlobalSection
EndGlobal
